{
  "name": "animate-entrance",
  "version": "1.0.4",
  "lockfileVersion": 1,
  "requires": true,
  "dependencies": {
    "lodash._getnative": {
      "version": "3.9.1",
      "resolved": "https://registry.npmjs.org/lodash._getnative/-/lodash._getnative-3.9.1.tgz",
      "integrity": "sha1-VwvH3t5G1hzc3mh9ZdPuy6o6r/U="
    },
    "lodash.debounce": {
      "version": "3.1.1",
      "resolved": "https://registry.npmjs.org/lodash.debounce/-/lodash.debounce-3.1.1.tgz",
      "integrity": "sha1-gSIRw3ipTMKdWqTjNGzwv846ffU=",
      "requires": {
        "lodash._getnative": "^3.0.0"
      }
    },
    "lodash.throttle": {
      "version": "3.0.4",
      "resolved": "https://registry.npmjs.org/lodash.throttle/-/lodash.throttle-3.0.4.tgz",
      "integrity": "sha1-vE9HH7Mo5Nb9xt8rPTyvET8Pick=",
      "requires": {
        "lodash.debounce": "^3.0.0"
      }
    }
  }
}
